
Microsoft Visual Studio Solution File, Format Version 12.00
# Visual Studio Version 16
VisualStudioVersion = 16.0.28729.10
MinimumVisualStudioVersion = 10.0.40219.1
Project("{9A19103F-16F7-4668-BE54-9A1E7A4F7556}") = "MediaInfo.Wrapper", "MediaInfo.Wrapper\MediaInfo.Wrapper.csproj", "{3C261640-4981-4845-AD02-B43AFDFE911B}"
EndProject
Project("{9A19103F-16F7-4668-BE54-9A1E7A4F7556}") = "MediaInfo.Wrapper.Tests", "MediaInfo.Wrapper.Tests\MediaInfo.Wrapper.Tests.csproj", "{6C30D376-9E62-4F44-BA3A-E5CFA018674B}"
EndProject
Project("{2150E333-8FDC-42A3-9474-1A3956D46DE8}") = "Solution Items", "Solution Items", "{F0E8AF0C-4B5D-499C-886D-597542610AF5}"
	ProjectSection(SolutionItems) = preProject
		.editorconfig = .editorconfig
	EndProjectSection
EndProject
Global
	GlobalSection(SolutionConfigurationPlatforms) = preSolution
		Debug|Any CPU = Debug|Any CPU
		Debug|x64 = Debug|x64
		Debug|x86 = Debug|x86
		Release|Any CPU = Release|Any CPU
		Release|x64 = Release|x64
		Release|x86 = Release|x86
	EndGlobalSection
	GlobalSection(ProjectConfigurationPlatforms) = postSolution
		{3C261640-4981-4845-AD02-B43AFDFE911B}.Debug|Any CPU.ActiveCfg = Debug|Any CPU
		{3C261640-4981-4845-AD02-B43AFDFE911B}.Debug|Any CPU.Build.0 = Debug|Any CPU
		{3C261640-4981-4845-AD02-B43AFDFE911B}.Debug|x64.ActiveCfg = Debug|x64
		{3C261640-4981-4845-AD02-B43AFDFE911B}.Debug|x64.Build.0 = Debug|x64
		{3C261640-4981-4845-AD02-B43AFDFE911B}.Debug|x86.ActiveCfg = Debug|x86
		{3C261640-4981-4845-AD02-B43AFDFE911B}.Debug|x86.Build.0 = Debug|x86
		{3C261640-4981-4845-AD02-B43AFDFE911B}.Release|Any CPU.ActiveCfg = Release|Any CPU
		{3C261640-4981-4845-AD02-B43AFDFE911B}.Release|Any CPU.Build.0 = Release|Any CPU
		{3C261640-4981-4845-AD02-B43AFDFE911B}.Release|x64.ActiveCfg = Release|x64
		{3C261640-4981-4845-AD02-B43AFDFE911B}.Release|x64.Build.0 = Release|x64
		{3C261640-4981-4845-AD02-B43AFDFE911B}.Release|x86.ActiveCfg = Release|x86
		{3C261640-4981-4845-AD02-B43AFDFE911B}.Release|x86.Build.0 = Release|x86
		{6C30D376-9E62-4F44-BA3A-E5CFA018674B}.Debug|Any CPU.ActiveCfg = Debug|Any CPU
		{6C30D376-9E62-4F44-BA3A-E5CFA018674B}.Debug|Any CPU.Build.0 = Debug|Any CPU
		{6C30D376-9E62-4F44-BA3A-E5CFA018674B}.Debug|x64.ActiveCfg = Debug|x64
		{6C30D376-9E62-4F44-BA3A-E5CFA018674B}.Debug|x64.Build.0 = Debug|x64
		{6C30D376-9E62-4F44-BA3A-E5CFA018674B}.Debug|x86.ActiveCfg = Debug|x86
		{6C30D376-9E62-4F44-BA3A-E5CFA018674B}.Debug|x86.Build.0 = Debug|x86
		{6C30D376-9E62-4F44-BA3A-E5CFA018674B}.Release|Any CPU.ActiveCfg = Release|Any CPU
		{6C30D376-9E62-4F44-BA3A-E5CFA018674B}.Release|Any CPU.Build.0 = Release|Any CPU
		{6C30D376-9E62-4F44-BA3A-E5CFA018674B}.Release|x64.ActiveCfg = Release|x64
		{6C30D376-9E62-4F44-BA3A-E5CFA018674B}.Release|x64.Build.0 = Release|x64
		{6C30D376-9E62-4F44-BA3A-E5CFA018674B}.Release|x86.ActiveCfg = Release|x86
		{6C30D376-9E62-4F44-BA3A-E5CFA018674B}.Release|x86.Build.0 = Release|x86
	EndGlobalSection
	GlobalSection(SolutionProperties) = preSolution
		HideSolutionNode = FALSE
	EndGlobalSection
	GlobalSection(ExtensibilityGlobals) = postSolution
		SolutionGuid = {52129F07-E6DA-48DD-8AD5-624E67690A8A}
	EndGlobalSection
EndGlobal
