<Solution>
  <Configurations>
    <Platform Name="Any CPU" />
    <Platform Name="x64" />
    <Platform Name="x86" />
    <Platform Name="ARM64" />
  </Configurations>
  <Folder Name="/Solution Items/">
    <File Path=".editorconfig" />
    <File Path="Directory.Build.props" />
    <File Path="Directory.Build.targets" />
  </Folder>
  <Project Path="MediaInfo.Wrapper.Tests/MediaInfo.Wrapper.Tests.csproj">
    <Platform Solution="*|x64" Project="x64" />
    <Platform Solution="*|x86" Project="x86" />
    <Platform Solution="*|ARM64" Project="ARM64" />
  </Project>
  <Project Path="MediaInfo.Wrapper/MediaInfo.Wrapper.csproj">
    <Platform Solution="*|x64" Project="x64" />
    <Platform Solution="*|x86" Project="x86" />
    <Platform Solution="*|ARM64" Project="ARM64" />
  </Project>
  <Folder Name="/Tools/">
    <Project Path="MediaInfo.TestFilesGenerator/MediaInfo.TestFilesGenerator.csproj" />
  </Folder>
</Solution>
